
Microsoft Visual Studio Solution File, Format Version 12.00
# Visual Studio Version 17
VisualStudioVersion = 17.6.33815.320
MinimumVisualStudioVersion = 10.0.40219.1
Project("{9A19103F-16F7-4668-BE54-9A1E7A4F7556}") = "qt.qsp.dhcp.Server", "src\qt.qsp.dhcp.Server\qt.qsp.dhcp.Server.csproj", "{652EF1FB-E636-47E5-A8ED-B1080D2B5E1C}"
EndProject
Global
	GlobalSection(SolutionConfigurationPlatforms) = preSolution
		Debug|Any CPU = Debug|Any CPU
		Release|Any CPU = Release|Any CPU
	EndGlobalSection
	GlobalSection(ProjectConfigurationPlatforms) = postSolution
		{652EF1FB-E636-47E5-A8ED-B1080D2B5E1C}.Debug|Any CPU.ActiveCfg = Debug|Any CPU
		{652EF1FB-E636-47E5-A8ED-B1080D2B5E1C}.Debug|Any CPU.Build.0 = Debug|Any CPU
		{652EF1FB-E636-47E5-A8ED-B1080D2B5E1C}.Release|Any CPU.ActiveCfg = Release|Any CPU
		{652EF1FB-E636-47E5-A8ED-B1080D2B5E1C}.Release|Any CPU.Build.0 = Release|Any CPU
	EndGlobalSection
	GlobalSection(SolutionProperties) = preSolution
		HideSolutionNode = FALSE
	EndGlobalSection
	GlobalSection(ExtensibilityGlobals) = postSolution
		SolutionGuid = {4C664630-5C51-4047-B32A-B5A9C5610144}
	EndGlobalSection
EndGlobal
